
Microsoft Visual Studio Solution File, Format Version 12.00
# Visual Studio 15
VisualStudioVersion = 15.0.28307.136
MinimumVisualStudioVersion = 10.0.40219.1
Project("{FAE04EC0-301F-11D3-BF4B-00C04F79EFBC}") = "WebAPISeguro", "WebAPISeguro\WebAPISeguro.csproj", "{27C9A863-FB22-45C2-9949-282F12778998}"
EndProject
Project("{FAE04EC0-301F-11D3-BF4B-00C04F79EFBC}") = "Model", "Model\Model.csproj", "{C8E3F351-9836-4E15-A519-B574FEBEE496}"
EndProject
Project("{FAE04EC0-301F-11D3-BF4B-00C04F79EFBC}") = "Negocio", "Negocio\Negocio.csproj", "{88AB8B47-4EE6-4220-94DF-9503A301DD36}"
EndProject
Project("{FAE04EC0-301F-11D3-BF4B-00C04F79EFBC}") = "Persistencia", "Persistencia\Persistencia.csproj", "{48109FC5-2B14-44E7-B796-30288DC197A8}"
EndProject
Global
	GlobalSection(SolutionConfigurationPlatforms) = preSolution
		Debug|Any CPU = Debug|Any CPU
		Release|Any CPU = Release|Any CPU
	EndGlobalSection
	GlobalSection(ProjectConfigurationPlatforms) = postSolution
		{27C9A863-FB22-45C2-9949-282F12778998}.Debug|Any CPU.ActiveCfg = Debug|Any CPU
		{27C9A863-FB22-45C2-9949-282F12778998}.Debug|Any CPU.Build.0 = Debug|Any CPU
		{27C9A863-FB22-45C2-9949-282F12778998}.Release|Any CPU.ActiveCfg = Release|Any CPU
		{27C9A863-FB22-45C2-9949-282F12778998}.Release|Any CPU.Build.0 = Release|Any CPU
		{C8E3F351-9836-4E15-A519-B574FEBEE496}.Debug|Any CPU.ActiveCfg = Debug|Any CPU
		{C8E3F351-9836-4E15-A519-B574FEBEE496}.Debug|Any CPU.Build.0 = Debug|Any CPU
		{C8E3F351-9836-4E15-A519-B574FEBEE496}.Release|Any CPU.ActiveCfg = Release|Any CPU
		{C8E3F351-9836-4E15-A519-B574FEBEE496}.Release|Any CPU.Build.0 = Release|Any CPU
		{88AB8B47-4EE6-4220-94DF-9503A301DD36}.Debug|Any CPU.ActiveCfg = Debug|Any CPU
		{88AB8B47-4EE6-4220-94DF-9503A301DD36}.Debug|Any CPU.Build.0 = Debug|Any CPU
		{88AB8B47-4EE6-4220-94DF-9503A301DD36}.Release|Any CPU.ActiveCfg = Release|Any CPU
		{88AB8B47-4EE6-4220-94DF-9503A301DD36}.Release|Any CPU.Build.0 = Release|Any CPU
		{48109FC5-2B14-44E7-B796-30288DC197A8}.Debug|Any CPU.ActiveCfg = Debug|Any CPU
		{48109FC5-2B14-44E7-B796-30288DC197A8}.Debug|Any CPU.Build.0 = Debug|Any CPU
		{48109FC5-2B14-44E7-B796-30288DC197A8}.Release|Any CPU.ActiveCfg = Release|Any CPU
		{48109FC5-2B14-44E7-B796-30288DC197A8}.Release|Any CPU.Build.0 = Release|Any CPU
	EndGlobalSection
	GlobalSection(SolutionProperties) = preSolution
		HideSolutionNode = FALSE
	EndGlobalSection
	GlobalSection(ExtensibilityGlobals) = postSolution
		SolutionGuid = {7CA17620-00E4-4082-9D72-262EB7CAC109}
	EndGlobalSection
EndGlobal
